
Microsoft Visual Studio Solution File, Format Version 12.00
# Visual Studio 14
VisualStudioVersion = 14.0.25420.1
MinimumVisualStudioVersion = 10.0.40219.1
Project("{FAE04EC0-301F-11D3-BF4B-00C04F79EFBC}") = "GoodVibes", "GoodVibes\GoodVibes.csproj", "{D74DF450-3890-49C9-90CD-09C0907879EA}"
EndProject
Project("{FAE04EC0-301F-11D3-BF4B-00C04F79EFBC}") = "GoodVibes.Tests", "GoodVibes.Tests\GoodVibes.Tests.csproj", "{C6C3E4CE-59CA-4236-8106-2EE6AD27BAF8}"
EndProject
Project("{FAE04EC0-301F-11D3-BF4B-00C04F79EFBC}") = "API.GoodVibes", "API.GoodVibes\API.GoodVibes.csproj", "{4184F4E8-5B7A-4F27-A815-E8BED9F56571}"
EndProject
Global
	GlobalSection(SolutionConfigurationPlatforms) = preSolution
		Debug|Any CPU = Debug|Any CPU
		Release|Any CPU = Release|Any CPU
	EndGlobalSection
	GlobalSection(ProjectConfigurationPlatforms) = postSolution
		{D74DF450-3890-49C9-90CD-09C0907879EA}.Debug|Any CPU.ActiveCfg = Debug|Any CPU
		{D74DF450-3890-49C9-90CD-09C0907879EA}.Debug|Any CPU.Build.0 = Debug|Any CPU
		{D74DF450-3890-49C9-90CD-09C0907879EA}.Release|Any CPU.ActiveCfg = Release|Any CPU
		{D74DF450-3890-49C9-90CD-09C0907879EA}.Release|Any CPU.Build.0 = Release|Any CPU
		{C6C3E4CE-59CA-4236-8106-2EE6AD27BAF8}.Debug|Any CPU.ActiveCfg = Debug|Any CPU
		{C6C3E4CE-59CA-4236-8106-2EE6AD27BAF8}.Debug|Any CPU.Build.0 = Debug|Any CPU
		{C6C3E4CE-59CA-4236-8106-2EE6AD27BAF8}.Release|Any CPU.ActiveCfg = Release|Any CPU
		{C6C3E4CE-59CA-4236-8106-2EE6AD27BAF8}.Release|Any CPU.Build.0 = Release|Any CPU
		{4184F4E8-5B7A-4F27-A815-E8BED9F56571}.Debug|Any CPU.ActiveCfg = Debug|Any CPU
		{4184F4E8-5B7A-4F27-A815-E8BED9F56571}.Debug|Any CPU.Build.0 = Debug|Any CPU
		{4184F4E8-5B7A-4F27-A815-E8BED9F56571}.Release|Any CPU.ActiveCfg = Release|Any CPU
		{4184F4E8-5B7A-4F27-A815-E8BED9F56571}.Release|Any CPU.Build.0 = Release|Any CPU
	EndGlobalSection
	GlobalSection(SolutionProperties) = preSolution
		HideSolutionNode = FALSE
	EndGlobalSection
EndGlobal
